// !$*UTF8*$!
{
	archiveVersion = 1;
	classes = {
	};
	objectVersion = 46;
	objects = {

/* Begin PBXBuildFile section */
		287D53971BF1449D00770DE9 /* AppDelegate.swift in Sources */ = {isa = PBXBuildFile; fileRef = 287D53961BF1449D00770DE9 /* AppDelegate.swift */; };
		287D53991BF1449D00770DE9 /* ViewController.swift in Sources */ = {isa = PBXBuildFile; fileRef = 287D53981BF1449D00770DE9 /* ViewController.swift */; };
		287D539C1BF1449D00770DE9 /* Main.storyboard in Resources */ = {isa = PBXBuildFile; fileRef = 287D539A1BF1449D00770DE9 /* Main.storyboard */; };
		287D539E1BF1449D00770DE9 /* Assets.xcassets in Resources */ = {isa = PBXBuildFile; fileRef = 287D539D1BF1449D00770DE9 /* Assets.xcassets */; };
		287D53A11BF1449D00770DE9 /* LaunchScreen.storyboard in Resources */ = {isa = PBXBuildFile; fileRef = 287D539F1BF1449D00770DE9 /* LaunchScreen.storyboard */; };
		287D53AC1BF1449D00770DE9 /* Yeezy_Taught_MeTests.swift in Sources */ = {isa = PBXBuildFile; fileRef = 287D53AB1BF1449D00770DE9 /* Yeezy_Taught_MeTests.swift */; };
		287D53B71BF1449D00770DE9 /* Yeezy_Taught_MeUITests.swift in Sources */ = {isa = PBXBuildFile; fileRef = 287D53B61BF1449D00770DE9 /* Yeezy_Taught_MeUITests.swift */; };
/* End PBXBuildFile section */

/* Begin PBXContainerItemProxy section */
		287D53A81BF1449D00770DE9 /* PBXContainerItemProxy */ = {
			isa = PBXContainerItemProxy;
			containerPortal = 287D538B1BF1449D00770DE9 /* Project object */;
			proxyType = 1;
			remoteGlobalIDString = 287D53921BF1449D00770DE9;
			remoteInfo = "Yeezy Taught Me";
		};
		287D53B31BF1449D00770DE9 /* PBXContainerItemProxy */ = {
			isa = PBXContainerItemProxy;
			containerPortal = 287D538B1BF1449D00770DE9 /* Project object */;
			proxyType = 1;
			remoteGlobalIDString = 287D53921BF1449D00770DE9;
			remoteInfo = "Yeezy Taught Me";
		};
/* End PBXContainerItemProxy section */

/* Begin PBXFileReference section */
		287D53931BF1449D00770DE9 /* Yeezy Taught Me.app */ = {isa = PBXFileReference; explicitFileType = wrapper.application; includeInIndex = 0; path = "Yeezy Taught Me.app"; sourceTree = BUILT_PRODUCTS_DIR; };
		287D53961BF1449D00770DE9 /* AppDelegate.swift */ = {isa = PBXFileReference; lastKnownFileType = sourcecode.swift; path = AppDelegate.swift; sourceTree = "<group>"; };
		287D53981BF1449D00770DE9 /* ViewController.swift */ = {isa = PBXFileReference; lastKnownFileType = sourcecode.swift; path = ViewController.swift; sourceTree = "<group>"; };
		287D539B1BF1449D00770DE9 /* Base */ = {isa = PBXFileReference; lastKnownFileType = file.storyboard; name = Base; path = Base.lproj/Main.storyboard; sourceTree = "<group>"; };
		287D539D1BF1449D00770DE9 /* Assets.xcassets */ = {isa = PBXFileReference; lastKnownFileType = folder.assetcatalog; path = Assets.xcassets; sourceTree = "<group>"; };
		287D53A01BF1449D00770DE9 /* Base */ = {isa = PBXFileReference; lastKnownFileType = file.storyboard; name = Base; path = Base.lproj/LaunchScreen.storyboard; sourceTree = "<group>"; };
		287D53A21BF1449D00770DE9 /* Info.plist */ = {isa = PBXFileReference; lastKnownFileType = text.plist.xml; path = Info.plist; sourceTree = "<group>"; };
		287D53A71BF1449D00770DE9 /* Yeezy Taught MeTests.xctest */ = {isa = PBXFileReference; explicitFileType = wrapper.cfbundle; includeInIndex = 0; path = "Yeezy Taught MeTests.xctest"; sourceTree = BUILT_PRODUCTS_DIR; };
		287D53AB1BF1449D00770DE9 /* Yeezy_Taught_MeTests.swift */ = {isa = PBXFileReference; lastKnownFileType = sourcecode.swift; path = Yeezy_Taught_MeTests.swift; sourceTree = "<group>"; };
		287D53AD1BF1449D00770DE9 /* Info.plist */ = {isa = PBXFileReference; lastKnownFileType = text.plist.xml; path = Info.plist; sourceTree = "<group>"; };
		287D53B21BF1449D00770DE9 /* Yeezy Taught MeUITests.xctest */ = {isa = PBXFileReference; explicitFileType = wrapper.cfbundle; includeInIndex = 0; path = "Yeezy Taught MeUITests.xctest"; sourceTree = BUILT_PRODUCTS_DIR; };
		287D53B61BF1449D00770DE9 /* Yeezy_Taught_MeUITests.swift */ = {isa = PBXFileReference; lastKnownFileType = sourcecode.swift; path = Yeezy_Taught_MeUITests.swift; sourceTree = "<group>"; };
		287D53B81BF1449D00770DE9 /* Info.plist */ = {isa = PBXFileReference; lastKnownFileType = text.plist.xml; path = Info.plist; sourceTree = "<group>"; };
/* End PBXFileReference section */

/* Begin PBXFrameworksBuildPhase section */
		287D53901BF1449D00770DE9 /* Frameworks */ = {
			isa = PBXFrameworksBuildPhase;
			buildActionMask = 2147483647;
			files = (
			);
			runOnlyForDeploymentPostprocessing = 0;
		};
		287D53A41BF1449D00770DE9 /* Frameworks */ = {
			isa = PBXFrameworksBuildPhase;
			buildActionMask = 2147483647;
			files = (
			);
			runOnlyForDeploymentPostprocessing = 0;
		};
		287D53AF1BF1449D00770DE9 /* Frameworks */ = {
			isa = PBXFrameworksBuildPhase;
			buildActionMask = 2147483647;
			files = (
			);
			runOnlyForDeploymentPostprocessing = 0;
		};
/* End PBXFrameworksBuildPhase section */

/* Begin PBXGroup section */
		287D538A1BF1449D00770DE9 = {
			isa = PBXGroup;
			children = (
				287D53951BF1449D00770DE9 /* Yeezy Taught Me */,
				287D53AA1BF1449D00770DE9 /* Yeezy Taught MeTests */,
				287D53B51BF1449D00770DE9 /* Yeezy Taught MeUITests */,
				287D53941BF1449D00770DE9 /* Products */,
			);
			sourceTree = "<group>";
		};
		287D53941BF1449D00770DE9 /* Products */ = {
			isa = PBXGroup;
			children = (
				287D53931BF1449D00770DE9 /* Yeezy Taught Me.app */,
				287D53A71BF1449D00770DE9 /* Yeezy Taught MeTests.xctest */,
				287D53B21BF1449D00770DE9 /* Yeezy Taught MeUITests.xctest */,
			);
			name = Products;
			sourceTree = "<group>";
		};
		287D53951BF1449D00770DE9 /* Yeezy Taught Me */ = {
			isa = PBXGroup;
			children = (
				287D53961BF1449D00770DE9 /* AppDelegate.swift */,
				287D53981BF1449D00770DE9 /* ViewController.swift */,
				287D539A1BF1449D00770DE9 /* Main.storyboard */,
				287D539D1BF1449D00770DE9 /* Assets.xcassets */,
				287D539F1BF1449D00770DE9 /* LaunchScreen.storyboard */,
				287D53A21BF1449D00770DE9 /* Info.plist */,
			);
			path = "Yeezy Taught Me";
			sourceTree = "<group>";
		};
		287D53AA1BF1449D00770DE9 /* Yeezy Taught MeTests */ = {
			isa = PBXGroup;
			children = (
				287D53AB1BF1449D00770DE9 /* Yeezy_Taught_MeTests.swift */,
				287D53AD1BF1449D00770DE9 /* Info.plist */,
			);
			path = "Yeezy Taught MeTests";
			sourceTree = "<group>";
		};
		287D53B51BF1449D00770DE9 /* Yeezy Taught MeUITests */ = {
			isa = PBXGroup;
			children = (
				287D53B61BF1449D00770DE9 /* Yeezy_Taught_MeUITests.swift */,
				287D53B81BF1449D00770DE9 /* Info.plist */,
			);
			path = "Yeezy Taught MeUITests";
			sourceTree = "<group>";
		};
/* End PBXGroup section */

/* Begin PBXNativeTarget section */
		287D53921BF1449D00770DE9 /* Yeezy Taught Me */ = {
			isa = PBXNativeTarget;
			buildConfigurationList = 287D53BB1BF1449D00770DE9 /* Build configuration list for PBXNativeTarget "Yeezy Taught Me" */;
			buildPhases = (
				287D538F1BF1449D00770DE9 /* Sources */,
				287D53901BF1449D00770DE9 /* Frameworks */,
				287D53911BF1449D00770DE9 /* Resources */,
			);
			buildRules = (
			);
			dependencies = (
			);
			name = "Yeezy Taught Me";
			productName = "Yeezy Taught Me";
			productReference = 287D53931BF1449D00770DE9 /* Yeezy Taught Me.app */;
			productType = "com.apple.product-type.application";
		};
		287D53A61BF1449D00770DE9 /* Yeezy Taught MeTests */ = {
			isa = PBXNativeTarget;
			buildConfigurationList = 287D53BE1BF1449D00770DE9 /* Build configuration list for PBXNativeTarget "Yeezy Taught MeTests" */;
			buildPhases = (
				287D53A31BF1449D00770DE9 /* Sources */,
				287D53A41BF1449D00770DE9 /* Frameworks */,
				287D53A51BF1449D00770DE9 /* Resources */,
			);
			buildRules = (
			);
			dependencies = (
				287D53A91BF1449D00770DE9 /* PBXTargetDependency */,
			);
			name = "Yeezy Taught MeTests";
			productName = "Yeezy Taught MeTests";
			productReference = 287D53A71BF1449D00770DE9 /* Yeezy Taught MeTests.xctest */;
			productType = "com.apple.product-type.bundle.unit-test";
		};
		287D53B11BF1449D00770DE9 /* Yeezy Taught MeUITests */ = {
			isa = PBXNativeTarget;
			buildConfigurationList = 287D53C11BF1449D00770DE9 /* Build configuration list for PBXNativeTarget "Yeezy Taught MeUITests" */;
			buildPhases = (
				287D53AE1BF1449D00770DE9 /* Sources */,
				287D53AF1BF1449D00770DE9 /* Frameworks */,
				287D53B01BF1449D00770DE9 /* Resources */,
			);
			buildRules = (
			);
			dependencies = (
				287D53B41BF1449D00770DE9 /* PBXTargetDependency */,
			);
			name = "Yeezy Taught MeUITests";
			productName = "Yeezy Taught MeUITests";
			productReference = 287D53B21BF1449D00770DE9 /* Yeezy Taught MeUITests.xctest */;
			productType = "com.apple.product-type.bundle.ui-testing";
		};
/* End PBXNativeTarget section */

/* Begin PBXProject section */
		287D538B1BF1449D00770DE9 /* Project object */ = {
			isa = PBXProject;
			attributes = {
				LastSwiftUpdateCheck = 0710;
				LastUpgradeCheck = 0710;
				ORGANIZATIONNAME = "Rohit Tigga";
				TargetAttributes = {
					287D53921BF1449D00770DE9 = {
						CreatedOnToolsVersion = 7.1;
					};
					287D53A61BF1449D00770DE9 = {
						CreatedOnToolsVersion = 7.1;
						TestTargetID = 287D53921BF1449D00770DE9;
					};
					287D53B11BF1449D00770DE9 = {
						CreatedOnToolsVersion = 7.1;
						TestTargetID = 287D53921BF1449D00770DE9;
					};
				};
			};
			buildConfigurationList = 287D538E1BF1449D00770DE9 /* Build configuration list for PBXProject "Yeezy Taught Me" */;
			compatibilityVersion = "Xcode 3.2";
			developmentRegion = English;
			hasScannedForEncodings = 0;
			knownRegions = (
				en,
				Base,
			);
			mainGroup = 287D538A1BF1449D00770DE9;
			productRefGroup = 287D53941BF1449D00770DE9 /* Products */;
			projectDirPath = "";
			projectRoot = "";
			targets = (
				287D53921BF1449D00770DE9 /* Yeezy Taught Me */,
				287D53A61BF1449D00770DE9 /* Yeezy Taught MeTests */,
				287D53B11BF1449D00770DE9 /* Yeezy Taught MeUITests */,
			);
		};
/* End PBXProject section */

/* Begin PBXResourcesBuildPhase section */
		287D53911BF1449D00770DE9 /* Resources */ = {
			isa = PBXResourcesBuildPhase;
			buildActionMask = 2147483647;
			files = (
				287D53A11BF1449D00770DE9 /* LaunchScreen.storyboard in Resources */,
				287D539E1BF1449D00770DE9 /* Assets.xcassets in Resources */,
				287D539C1BF1449D00770DE9 /* Main.storyboard in Resources */,
			);
			runOnlyForDeploymentPostprocessing = 0;
		};
		287D53A51BF1449D00770DE9 /* Resources */ = {
			isa = PBXResourcesBuildPhase;
			buildActionMask = 2147483647;
			files = (
			);
			runOnlyForDeploymentPostprocessing = 0;
		};
		287D53B01BF1449D00770DE9 /* Resources */ = {
			isa = PBXResourcesBuildPhase;
			buildActionMask = 2147483647;
			files = (
			);
			runOnlyForDeploymentPostprocessing = 0;
		};
/* End PBXResourcesBuildPhase section */

/* Begin PBXSourcesBuildPhase section */
		287D538F1BF1449D00770DE9 /* Sources */ = {
			isa = PBXSourcesBuildPhase;
			buildActionMask = 2147483647;
			files = (
				287D53991BF1449D00770DE9 /* ViewController.swift in Sources */,
				287D53971BF1449D00770DE9 /* AppDelegate.swift in Sources */,
			);
			runOnlyForDeploymentPostprocessing = 0;
		};
		287D53A31BF1449D00770DE9 /* Sources */ = {
			isa = PBXSourcesBuildPhase;
			buildActionMask = 2147483647;
			files = (
				287D53AC1BF1449D00770DE9 /* Yeezy_Taught_MeTests.swift in Sources */,
			);
			runOnlyForDeploymentPostprocessing = 0;
		};
		287D53AE1BF1449D00770DE9 /* Sources */ = {
			isa = PBXSourcesBuildPhase;
			buildActionMask = 2147483647;
			files = (
				287D53B71BF1449D00770DE9 /* Yeezy_Taught_MeUITests.swift in Sources */,
			);
			runOnlyForDeploymentPostprocessing = 0;
		};
/* End PBXSourcesBuildPhase section */

/* Begin PBXTargetDependency section */
		287D53A91BF1449D00770DE9 /* PBXTargetDependency */ = {
			isa = PBXTargetDependency;
			target = 287D53921BF1449D00770DE9 /* Yeezy Taught Me */;
			targetProxy = 287D53A81BF1449D00770DE9 /* PBXContainerItemProxy */;
		};
		287D53B41BF1449D00770DE9 /* PBXTargetDependency */ = {
			isa = PBXTargetDependency;
			target = 287D53921BF1449D00770DE9 /* Yeezy Taught Me */;
			targetProxy = 287D53B31BF1449D00770DE9 /* PBXContainerItemProxy */;
		};
/* End PBXTargetDependency section */

/* Begin PBXVariantGroup section */
		287D539A1BF1449D00770DE9 /* Main.storyboard */ = {
			isa = PBXVariantGroup;
			children = (
				287D539B1BF1449D00770DE9 /* Base */,
			);
			name = Main.storyboard;
			sourceTree = "<group>";
		};
		287D539F1BF1449D00770DE9 /* LaunchScreen.storyboard */ = {
			isa = PBXVariantGroup;
			children = (
				287D53A01BF1449D00770DE9 /* Base */,
			);
			name = LaunchScreen.storyboard;
			sourceTree = "<group>";
		};
/* End PBXVariantGroup section */

/* Begin XCBuildConfiguration section */
		287D53B91BF1449D00770DE9 /* Debug */ = {
			isa = XCBuildConfiguration;
			buildSettings = {
				ALWAYS_SEARCH_USER_PATHS = NO;
				CLANG_CXX_LANGUAGE_STANDARD = "gnu++0x";
				CLANG_CXX_LIBRARY = "libc++";
				CLANG_ENABLE_MODULES = YES;
				CLANG_ENABLE_OBJC_ARC = YES;
				CLANG_WARN_BOOL_CONVERSION = YES;
				CLANG_WARN_CONSTANT_CONVERSION = YES;
				CLANG_WARN_DIRECT_OBJC_ISA_USAGE = YES_ERROR;
				CLANG_WARN_EMPTY_BODY = YES;
				CLANG_WARN_ENUM_CONVERSION = YES;
				CLANG_WARN_INT_CONVERSION = YES;
				CLANG_WARN_OBJC_ROOT_CLASS = YES_ERROR;
				CLANG_WARN_UNREACHABLE_CODE = YES;
				CLANG_WARN__DUPLICATE_METHOD_MATCH = YES;
				"CODE_SIGN_IDENTITY[sdk=iphoneos*]" = "iPhone Developer";
				COPY_PHASE_STRIP = NO;
				DEBUG_INFORMATION_FORMAT = dwarf;
				ENABLE_STRICT_OBJC_MSGSEND = YES;
				ENABLE_TESTABILITY = YES;
				GCC_C_LANGUAGE_STANDARD = gnu99;
				GCC_DYNAMIC_NO_PIC = NO;
				GCC_NO_COMMON_BLOCKS = YES;
				GCC_OPTIMIZATION_LEVEL = 0;
				GCC_PREPROCESSOR_DEFINITIONS = (
					"DEBUG=1",
					"$(inherited)",
				);
				GCC_WARN_64_TO_32_BIT_CONVERSION = YES;
				GCC_WARN_ABOUT_RETURN_TYPE = YES_ERROR;
				GCC_WARN_UNDECLARED_SELECTOR = YES;
				GCC_WARN_UNINITIALIZED_AUTOS = YES_AGGRESSIVE;
				GCC_WARN_UNUSED_FUNCTION = YES;
				GCC_WARN_UNUSED_VARIABLE = YES;
				IPHONEOS_DEPLOYMENT_TARGET = 9.1;
				MTL_ENABLE_DEBUG_INFO = YES;
				ONLY_ACTIVE_ARCH = YES;
				SDKROOT = iphoneos;
				SWIFT_OPTIMIZATION_LEVEL = "-Onone";
				TARGETED_DEVICE_FAMILY = "1,2";
			};
			name = Debug;
		};
		287D53BA1BF1449D00770DE9 /* Release */ = {
			isa = XCBuildConfiguration;
			buildSettings = {
				ALWAYS_SEARCH_USER_PATHS = NO;
				CLANG_CXX_LANGUAGE_STANDARD = "gnu++0x";
				CLANG_CXX_LIBRARY = "libc++";
				CLANG_ENABLE_MODULES = YES;
				CLANG_ENABLE_OBJC_ARC = YES;
				CLANG_WARN_BOOL_CONVERSION = YES;
				CLANG_WARN_CONSTANT_CONVERSION = YES;
				CLANG_WARN_DIRECT_OBJC_ISA_USAGE = YES_ERROR;
				CLANG_WARN_EMPTY_BODY = YES;
				CLANG_WARN_ENUM_CONVERSION = YES;
				CLANG_WARN_INT_CONVERSION = YES;
				CLANG_WARN_OBJC_ROOT_CLASS = YES_ERROR;
				CLANG_WARN_UNREACHABLE_CODE = YES;
				CLANG_WARN__DUPLICATE_METHOD_MATCH = YES;
				"CODE_SIGN_IDENTITY[sdk=iphoneos*]" = "iPhone Developer";
				COPY_PHASE_STRIP = NO;
				DEBUG_INFORMATION_FORMAT = "dwarf-with-dsym";
				ENABLE_NS_ASSERTIONS = NO;
				ENABLE_STRICT_OBJC_MSGSEND = YES;
				GCC_C_LANGUAGE_STANDARD = gnu99;
				GCC_NO_COMMON_BLOCKS = YES;
				GCC_WARN_64_TO_32_BIT_CONVERSION = YES;
				GCC_WARN_ABOUT_RETURN_TYPE = YES_ERROR;
				GCC_WARN_UNDECLARED_SELECTOR = YES;
				GCC_WARN_UNINITIALIZED_AUTOS = YES_AGGRESSIVE;
				GCC_WARN_UNUSED_FUNCTION = YES;
				GCC_WARN_UNUSED_VARIABLE = YES;
				IPHONEOS_DEPLOYMENT_TARGET = 9.1;
				MTL_ENABLE_DEBUG_INFO = NO;
				SDKROOT = iphoneos;
				TARGETED_DEVICE_FAMILY = "1,2";
				VALIDATE_PRODUCT = YES;
			};
			name = Release;
		};
		287D53BC1BF1449D00770DE9 /* Debug */ = {
			isa = XCBuildConfiguration;
			buildSettings = {
				ASSETCATALOG_COMPILER_APPICON_NAME = AppIcon;
				INFOPLIST_FILE = "Yeezy Taught Me/Info.plist";
				LD_RUNPATH_SEARCH_PATHS = "$(inherited) @executable_path/Frameworks";
				PRODUCT_BUNDLE_IDENTIFIER = "com.app.Yeezy-Taught-Me";
				PRODUCT_NAME = "$(TARGET_NAME)";
			};
			name = Debug;
		};
		287D53BD1BF1449D00770DE9 /* Release */ = {
			isa = XCBuildConfiguration;
			buildSettings = {
				ASSETCATALOG_COMPILER_APPICON_NAME = AppIcon;
				INFOPLIST_FILE = "Yeezy Taught Me/Info.plist";
				LD_RUNPATH_SEARCH_PATHS = "$(inherited) @executable_path/Frameworks";
				PRODUCT_BUNDLE_IDENTIFIER = "com.app.Yeezy-Taught-Me";
				PRODUCT_NAME = "$(TARGET_NAME)";
			};
			name = Release;
		};
		287D53BF1BF1449D00770DE9 /* Debug */ = {
			isa = XCBuildConfiguration;
			buildSettings = {
				BUNDLE_LOADER = "$(TEST_HOST)";
				INFOPLIST_FILE = "Yeezy Taught MeTests/Info.plist";
				LD_RUNPATH_SEARCH_PATHS = "$(inherited) @executable_path/Frameworks @loader_path/Frameworks";
				PRODUCT_BUNDLE_IDENTIFIER = "com.app.Yeezy-Taught-MeTests";
				PRODUCT_NAME = "$(TARGET_NAME)";
				TEST_HOST = "$(BUILT_PRODUCTS_DIR)/Yeezy Taught Me.app/Yeezy Taught Me";
			};
			name = Debug;
		};
		287D53C01BF1449D00770DE9 /* Release */ = {
			isa = XCBuildConfiguration;
			buildSettings = {
				BUNDLE_LOADER = "$(TEST_HOST)";
				INFOPLIST_FILE = "Yeezy Taught MeTests/Info.plist";
				LD_RUNPATH_SEARCH_PATHS = "$(inherited) @executable_path/Frameworks @loader_path/Frameworks";
				PRODUCT_BUNDLE_IDENTIFIER = "com.app.Yeezy-Taught-MeTests";
				PRODUCT_NAME = "$(TARGET_NAME)";
				TEST_HOST = "$(BUILT_PRODUCTS_DIR)/Yeezy Taught Me.app/Yeezy Taught Me";
			};
			name = Release;
		};
		287D53C21BF1449D00770DE9 /* Debug */ = {
			isa = XCBuildConfiguration;
			buildSettings = {
				INFOPLIST_FILE = "Yeezy Taught MeUITests/Info.plist";
				LD_RUNPATH_SEARCH_PATHS = "$(inherited) @executable_path/Frameworks @loader_path/Frameworks";
				PRODUCT_BUNDLE_IDENTIFIER = "com.app.Yeezy-Taught-MeUITests";
				PRODUCT_NAME = "$(TARGET_NAME)";
				TEST_TARGET_NAME = "Yeezy Taught Me";
				USES_XCTRUNNER = YES;
			};
			name = Debug;
		};
		287D53C31BF1449D00770DE9 /* Release */ = {
			isa = XCBuildConfiguration;
			buildSettings = {
				INFOPLIST_FILE = "Yeezy Taught MeUITests/Info.plist";
				LD_RUNPATH_SEARCH_PATHS = "$(inherited) @executable_path/Frameworks @loader_path/Frameworks";
				PRODUCT_BUNDLE_IDENTIFIER = "com.app.Yeezy-Taught-MeUITests";
				PRODUCT_NAME = "$(TARGET_NAME)";
				TEST_TARGET_NAME = "Yeezy Taught Me";
				USES_XCTRUNNER = YES;
			};
			name = Release;
		};
/* End XCBuildConfiguration section */

/* Begin XCConfigurationList section */
		287D538E1BF1449D00770DE9 /* Build configuration list for PBXProject "Yeezy Taught Me" */ = {
			isa = XCConfigurationList;
			buildConfigurations = (
				287D53B91BF1449D00770DE9 /* Debug */,
				287D53BA1BF1449D00770DE9 /* Release */,
			);
			defaultConfigurationIsVisible = 0;
			defaultConfigurationName = Release;
		};
		287D53BB1BF1449D00770DE9 /* Build configuration list for PBXNativeTarget "Yeezy Taught Me" */ = {
			isa = XCConfigurationList;
			buildConfigurations = (
				287D53BC1BF1449D00770DE9 /* Debug */,
				287D53BD1BF1449D00770DE9 /* Release */,
			);
			defaultConfigurationIsVisible = 0;
		};
		287D53BE1BF1449D00770DE9 /* Build configuration list for PBXNativeTarget "Yeezy Taught MeTests" */ = {
			isa = XCConfigurationList;
			buildConfigurations = (
				287D53BF1BF1449D00770DE9 /* Debug */,
				287D53C01BF1449D00770DE9 /* Release */,
			);
			defaultConfigurationIsVisible = 0;
		};
		287D53C11BF1449D00770DE9 /* Build configuration list for PBXNativeTarget "Yeezy Taught MeUITests" */ = {
			isa = XCConfigurationList;
			buildConfigurations = (
				287D53C21BF1449D00770DE9 /* Debug */,
				287D53C31BF1449D00770DE9 /* Release */,
			);
			defaultConfigurationIsVisible = 0;
		};
/* End XCConfigurationList section */
	};
	rootObject = 287D538B1BF1449D00770DE9 /* Project object */;
}
